{
  "name": "h24s_10",
  "lockfileVersion": 3,
  "requires": true,
  "packages": {
    "": {
      "dependencies": {
        "@mdi/font": "^7.4.47"
      },
      "devDependencies": {
        "@mdi/js": "^7.4.47"
      }
    },
    "node_modules/@mdi/font": {
      "version": "7.4.47",
      "resolved": "https://registry.npmjs.org/@mdi/font/-/font-7.4.47.tgz",
      "integrity": "sha512-43MtGpd585SNzHZPcYowu/84Vz2a2g31TvPMTm9uTiCSWzaheQySUcSyUH/46fPnuPQWof2yd0pGBtzee/IQWw=="
    },
    "node_modules/@mdi/js": {
      "version": "7.4.47",
      "resolved": "https://registry.npmjs.org/@mdi/js/-/js-7.4.47.tgz",
      "integrity": "sha512-KPnNOtm5i2pMabqZxpUz7iQf+mfrYZyKCZ8QNz85czgEt7cuHcGorWfdzUMWYA0SD+a6Hn4FmJ+YhzzzjkTZrQ==",
      "dev": true
    }
  }
}
